### YamlMime:Reference
uid: Azure%3A%3AStorage%3A%3ABlobs%3A%3AModels%3A%3ABlobBlock
title: Azure::Storage::Blobs::Models::BlobBlock Struct Reference
components:
- content: >-
    <p>Represents a single block in a block blob. It describes the block's ID and size.  

    </p><p><code>#include &lt;<a href="rest__client_8hpp_source.html">rest_client.hpp</a>&gt;</code></p>
- section: Public Attributes
  display: h2
- apiList:
  - declaration: <a href="struct_azure_1_1_storage_1_1_blobs_1_1_models_1_1_blob_block.html#a21bbada98a6a3e8e318fac7a1a2abb6f">Name</a>
    returnType: std::string&#160;
  - declaration: <a href="struct_azure_1_1_storage_1_1_blobs_1_1_models_1_1_blob_block.html#af3672ad4a55ad50ad435e5257d142fc3">Size</a> = std::int64_t()
    returnType: std::int64_t&#160;
- section: Member Data Documentation
  display: h2
- section: Name
  display: h3
- content: <p>The base64 encoded block ID. </p>
- section: Size
  display: h3
- content: <p>The block size in bytes. </p>
