### YamlMime:Reference
uid: Azure::Storage::Blobs::Models::BlobBlock
title: Azure::Storage::Blobs::Models::BlobBlock Struct Reference
components:
- content: Represents a single block in a block blob. It describes the block's ID and size.<code>#include &lt;<a href="rest__client_8hpp_source.html">rest_client.hpp</a>&gt;</code>
- section: Public Attributes
  display: h2
- apiList:
  - declaration: <a class="el" href="struct_azure_1_1_storage_1_1_blobs_1_1_models_1_1_blob_block.html#a21bbada98a6a3e8e318fac7a1a2abb6f">Name</a>
    returnType: std::string 
  - declaration: <a class="el" href="struct_azure_1_1_storage_1_1_blobs_1_1_models_1_1_blob_block.html#af3672ad4a55ad50ad435e5257d142fc3">Size</a> = std::int64_t()
    returnType: std::int64_t 
- section: Member Data Documentation
  display: h2
- section: '&#9670;&#160;Name'
  display: h2
- content: The base64 encoded block ID.
- section: '&#9670;&#160;Size'
  display: h2
- content: The block size in bytes.The documentation for this struct was generated from the following file:inc/azure/storage/blobs/rest_client.hppGenerated by&#160;1.9.7
